
Microsoft Visual Studio Solution File, Format Version 12.00
Project("{F2A71F9B-5D33-465A-A702-920D77279786}") = "Redasher", "Redasher\Redasher.fsproj", "{65F175FE-CDC8-411A-988D-00D25E9AEAFE}"
EndProject
Project("{F2A71F9B-5D33-465A-A702-920D77279786}") = "Redasher.Tests", "Redasher.Tests\Redasher.Tests.fsproj", "{D35596DD-2210-4DBD-AB78-E9352EF14399}"
EndProject
Global
	GlobalSection(SolutionConfigurationPlatforms) = preSolution
		Debug|Any CPU = Debug|Any CPU
		Release|Any CPU = Release|Any CPU
	EndGlobalSection
	GlobalSection(ProjectConfigurationPlatforms) = postSolution
		{65F175FE-CDC8-411A-988D-00D25E9AEAFE}.Debug|Any CPU.ActiveCfg = Debug|Any CPU
		{65F175FE-CDC8-411A-988D-00D25E9AEAFE}.Debug|Any CPU.Build.0 = Debug|Any CPU
		{65F175FE-CDC8-411A-988D-00D25E9AEAFE}.Release|Any CPU.ActiveCfg = Release|Any CPU
		{65F175FE-CDC8-411A-988D-00D25E9AEAFE}.Release|Any CPU.Build.0 = Release|Any CPU
		{D35596DD-2210-4DBD-AB78-E9352EF14399}.Debug|Any CPU.ActiveCfg = Debug|Any CPU
		{D35596DD-2210-4DBD-AB78-E9352EF14399}.Debug|Any CPU.Build.0 = Debug|Any CPU
		{D35596DD-2210-4DBD-AB78-E9352EF14399}.Release|Any CPU.ActiveCfg = Release|Any CPU
		{D35596DD-2210-4DBD-AB78-E9352EF14399}.Release|Any CPU.Build.0 = Release|Any CPU
	EndGlobalSection
EndGlobal
